// !$*UTF8*$!
{
	archiveVersion = 1;
	classes = {
	};
	objectVersion = 50;
	objects = {

/* Begin PBXBuildFile section */
		01B4566124486AE4006BFA56 /* AppDelegate.swift in Sources */ = {isa = PBXBuildFile; fileRef = 01B4566024486AE4006BFA56 /* AppDelegate.swift */; };
		01B4566324486AE4006BFA56 /* SceneDelegate.swift in Sources */ = {isa = PBXBuildFile; fileRef = 01B4566224486AE4006BFA56 /* SceneDelegate.swift */; };
		01B4566524486AE4006BFA56 /* RecordSoundsVC.swift in Sources */ = {isa = PBXBuildFile; fileRef = 01B4566424486AE4006BFA56 /* RecordSoundsVC.swift */; };
		01B4566824486AE4006BFA56 /* Main.storyboard in Resources */ = {isa = PBXBuildFile; fileRef = 01B4566624486AE4006BFA56 /* Main.storyboard */; };
		01B4566A24486AE5006BFA56 /* Assets.xcassets in Resources */ = {isa = PBXBuildFile; fileRef = 01B4566924486AE5006BFA56 /* Assets.xcassets */; };
		01B4566D24486AE5006BFA56 /* LaunchScreen.storyboard in Resources */ = {isa = PBXBuildFile; fileRef = 01B4566B24486AE5006BFA56 /* LaunchScreen.storyboard */; };
		01BA7D49244885E30069DE12 /* PlaySoundsVC.swift in Sources */ = {isa = PBXBuildFile; fileRef = 01BA7D48244885E30069DE12 /* PlaySoundsVC.swift */; };
/* End PBXBuildFile section */

/* Begin PBXFileReference section */
		01B4565D24486AE4006BFA56 /* RecorderApp.app */ = {isa = PBXFileReference; explicitFileType = wrapper.application; includeInIndex = 0; path = RecorderApp.app; sourceTree = BUILT_PRODUCTS_DIR; };
		01B4566024486AE4006BFA56 /* AppDelegate.swift */ = {isa = PBXFileReference; lastKnownFileType = sourcecode.swift; path = AppDelegate.swift; sourceTree = "<group>"; };
		01B4566224486AE4006BFA56 /* SceneDelegate.swift */ = {isa = PBXFileReference; lastKnownFileType = sourcecode.swift; path = SceneDelegate.swift; sourceTree = "<group>"; };
		01B4566424486AE4006BFA56 /* RecordSoundsVC.swift */ = {isa = PBXFileReference; lastKnownFileType = sourcecode.swift; path = RecordSoundsVC.swift; sourceTree = "<group>"; };
		01B4566724486AE4006BFA56 /* Base */ = {isa = PBXFileReference; lastKnownFileType = file.storyboard; name = Base; path = Base.lproj/Main.storyboard; sourceTree = "<group>"; };
		01B4566924486AE5006BFA56 /* Assets.xcassets */ = {isa = PBXFileReference; lastKnownFileType = folder.assetcatalog; path = Assets.xcassets; sourceTree = "<group>"; };
		01B4566C24486AE5006BFA56 /* Base */ = {isa = PBXFileReference; lastKnownFileType = file.storyboard; name = Base; path = Base.lproj/LaunchScreen.storyboard; sourceTree = "<group>"; };
		01B4566E24486AE5006BFA56 /* Info.plist */ = {isa = PBXFileReference; lastKnownFileType = text.plist.xml; path = Info.plist; sourceTree = "<group>"; };
		01BA7D48244885E30069DE12 /* PlaySoundsVC.swift */ = {isa = PBXFileReference; lastKnownFileType = sourcecode.swift; path = PlaySoundsVC.swift; sourceTree = "<group>"; };
/* End PBXFileReference section */

/* Begin PBXFrameworksBuildPhase section */
		01B4565A24486AE4006BFA56 /* Frameworks */ = {
			isa = PBXFrameworksBuildPhase;
			buildActionMask = 2147483647;
			files = (
			);
			runOnlyForDeploymentPostprocessing = 0;
		};
/* End PBXFrameworksBuildPhase section */

/* Begin PBXGroup section */
		01B4565424486AE4006BFA56 = {
			isa = PBXGroup;
			children = (
				01B4565F24486AE4006BFA56 /* RecorderApp */,
				01B4565E24486AE4006BFA56 /* Products */,
			);
			sourceTree = "<group>";
		};
		01B4565E24486AE4006BFA56 /* Products */ = {
			isa = PBXGroup;
			children = (
				01B4565D24486AE4006BFA56 /* RecorderApp.app */,
			);
			name = Products;
			sourceTree = "<group>";
		};
		01B4565F24486AE4006BFA56 /* RecorderApp */ = {
			isa = PBXGroup;
			children = (
				01BA7D4A244886170069DE12 /* VC */,
				01B4566024486AE4006BFA56 /* AppDelegate.swift */,
				01B4566224486AE4006BFA56 /* SceneDelegate.swift */,
				01B4566624486AE4006BFA56 /* Main.storyboard */,
				01B4566924486AE5006BFA56 /* Assets.xcassets */,
				01B4566B24486AE5006BFA56 /* LaunchScreen.storyboard */,
				01B4566E24486AE5006BFA56 /* Info.plist */,
			);
			path = RecorderApp;
			sourceTree = "<group>";
		};
		01BA7D4A244886170069DE12 /* VC */ = {
			isa = PBXGroup;
			children = (
				01B4566424486AE4006BFA56 /* RecordSoundsVC.swift */,
				01BA7D48244885E30069DE12 /* PlaySoundsVC.swift */,
			);
			path = VC;
			sourceTree = "<group>";
		};
/* End PBXGroup section */

/* Begin PBXNativeTarget section */
		01B4565C24486AE4006BFA56 /* RecorderApp */ = {
			isa = PBXNativeTarget;
			buildConfigurationList = 01B4567124486AE5006BFA56 /* Build configuration list for PBXNativeTarget "RecorderApp" */;
			buildPhases = (
				01B4565924486AE4006BFA56 /* Sources */,
				01B4565A24486AE4006BFA56 /* Frameworks */,
				01B4565B24486AE4006BFA56 /* Resources */,
			);
			buildRules = (
			);
			dependencies = (
			);
			name = RecorderApp;
			productName = RecorderApp;
			productReference = 01B4565D24486AE4006BFA56 /* RecorderApp.app */;
			productType = "com.apple.product-type.application";
		};
/* End PBXNativeTarget section */

/* Begin PBXProject section */
		01B4565524486AE4006BFA56 /* Project object */ = {
			isa = PBXProject;
			attributes = {
				LastSwiftUpdateCheck = 1140;
				LastUpgradeCheck = 1140;
				ORGANIZATIONNAME = "Patrick Groß";
				TargetAttributes = {
					01B4565C24486AE4006BFA56 = {
						CreatedOnToolsVersion = 11.4.1;
					};
				};
			};
			buildConfigurationList = 01B4565824486AE4006BFA56 /* Build configuration list for PBXProject "RecorderApp" */;
			compatibilityVersion = "Xcode 9.3";
			developmentRegion = en;
			hasScannedForEncodings = 0;
			knownRegions = (
				en,
				Base,
			);
			mainGroup = 01B4565424486AE4006BFA56;
			productRefGroup = 01B4565E24486AE4006BFA56 /* Products */;
			projectDirPath = "";
			projectRoot = "";
			targets = (
				01B4565C24486AE4006BFA56 /* RecorderApp */,
			);
		};
/* End PBXProject section */

/* Begin PBXResourcesBuildPhase section */
		01B4565B24486AE4006BFA56 /* Resources */ = {
			isa = PBXResourcesBuildPhase;
			buildActionMask = 2147483647;
			files = (
				01B4566D24486AE5006BFA56 /* LaunchScreen.storyboard in Resources */,
				01B4566A24486AE5006BFA56 /* Assets.xcassets in Resources */,
				01B4566824486AE4006BFA56 /* Main.storyboard in Resources */,
			);
			runOnlyForDeploymentPostprocessing = 0;
		};
/* End PBXResourcesBuildPhase section */

/* Begin PBXSourcesBuildPhase section */
		01B4565924486AE4006BFA56 /* Sources */ = {
			isa = PBXSourcesBuildPhase;
			buildActionMask = 2147483647;
			files = (
				01BA7D49244885E30069DE12 /* PlaySoundsVC.swift in Sources */,
				01B4566524486AE4006BFA56 /* RecordSoundsVC.swift in Sources */,
				01B4566124486AE4006BFA56 /* AppDelegate.swift in Sources */,
				01B4566324486AE4006BFA56 /* SceneDelegate.swift in Sources */,
			);
			runOnlyForDeploymentPostprocessing = 0;
		};
/* End PBXSourcesBuildPhase section */

/* Begin PBXVariantGroup section */
		01B4566624486AE4006BFA56 /* Main.storyboard */ = {
			isa = PBXVariantGroup;
			children = (
				01B4566724486AE4006BFA56 /* Base */,
			);
			name = Main.storyboard;
			sourceTree = "<group>";
		};
		01B4566B24486AE5006BFA56 /* LaunchScreen.storyboard */ = {
			isa = PBXVariantGroup;
			children = (
				01B4566C24486AE5006BFA56 /* Base */,
			);
			name = LaunchScreen.storyboard;
			sourceTree = "<group>";
		};
/* End PBXVariantGroup section */

/* Begin XCBuildConfiguration section */
		01B4566F24486AE5006BFA56 /* Debug */ = {
			isa = XCBuildConfiguration;
			buildSettings = {
				ALWAYS_SEARCH_USER_PATHS = NO;
				CLANG_ANALYZER_NONNULL = YES;
				CLANG_ANALYZER_NUMBER_OBJECT_CONVERSION = YES_AGGRESSIVE;
				CLANG_CXX_LANGUAGE_STANDARD = "gnu++14";
				CLANG_CXX_LIBRARY = "libc++";
				CLANG_ENABLE_MODULES = YES;
				CLANG_ENABLE_OBJC_ARC = YES;
				CLANG_ENABLE_OBJC_WEAK = YES;
				CLANG_WARN_BLOCK_CAPTURE_AUTORELEASING = YES;
				CLANG_WARN_BOOL_CONVERSION = YES;
				CLANG_WARN_COMMA = YES;
				CLANG_WARN_CONSTANT_CONVERSION = YES;
				CLANG_WARN_DEPRECATED_OBJC_IMPLEMENTATIONS = YES;
				CLANG_WARN_DIRECT_OBJC_ISA_USAGE = YES_ERROR;
				CLANG_WARN_DOCUMENTATION_COMMENTS = YES;
				CLANG_WARN_EMPTY_BODY = YES;
				CLANG_WARN_ENUM_CONVERSION = YES;
				CLANG_WARN_INFINITE_RECURSION = YES;
				CLANG_WARN_INT_CONVERSION = YES;
				CLANG_WARN_NON_LITERAL_NULL_CONVERSION = YES;
				CLANG_WARN_OBJC_IMPLICIT_RETAIN_SELF = YES;
				CLANG_WARN_OBJC_LITERAL_CONVERSION = YES;
				CLANG_WARN_OBJC_ROOT_CLASS = YES_ERROR;
				CLANG_WARN_RANGE_LOOP_ANALYSIS = YES;
				CLANG_WARN_STRICT_PROTOTYPES = YES;
				CLANG_WARN_SUSPICIOUS_MOVE = YES;
				CLANG_WARN_UNGUARDED_AVAILABILITY = YES_AGGRESSIVE;
				CLANG_WARN_UNREACHABLE_CODE = YES;
				CLANG_WARN__DUPLICATE_METHOD_MATCH = YES;
				COPY_PHASE_STRIP = NO;
				DEBUG_INFORMATION_FORMAT = dwarf;
				ENABLE_STRICT_OBJC_MSGSEND = YES;
				ENABLE_TESTABILITY = YES;
				GCC_C_LANGUAGE_STANDARD = gnu11;
				GCC_DYNAMIC_NO_PIC = NO;
				GCC_NO_COMMON_BLOCKS = YES;
				GCC_OPTIMIZATION_LEVEL = 0;
				GCC_PREPROCESSOR_DEFINITIONS = (
					"DEBUG=1",
					"$(inherited)",
				);
				GCC_WARN_64_TO_32_BIT_CONVERSION = YES;
				GCC_WARN_ABOUT_RETURN_TYPE = YES_ERROR;
				GCC_WARN_UNDECLARED_SELECTOR = YES;
				GCC_WARN_UNINITIALIZED_AUTOS = YES_AGGRESSIVE;
				GCC_WARN_UNUSED_FUNCTION = YES;
				GCC_WARN_UNUSED_VARIABLE = YES;
				IPHONEOS_DEPLOYMENT_TARGET = 13.4;
				MTL_ENABLE_DEBUG_INFO = INCLUDE_SOURCE;
				MTL_FAST_MATH = YES;
				ONLY_ACTIVE_ARCH = YES;
				SDKROOT = iphoneos;
				SWIFT_ACTIVE_COMPILATION_CONDITIONS = DEBUG;
				SWIFT_OPTIMIZATION_LEVEL = "-Onone";
			};
			name = Debug;
		};
		01B4567024486AE5006BFA56 /* Release */ = {
			isa = XCBuildConfiguration;
			buildSettings = {
				ALWAYS_SEARCH_USER_PATHS = NO;
				CLANG_ANALYZER_NONNULL = YES;
				CLANG_ANALYZER_NUMBER_OBJECT_CONVERSION = YES_AGGRESSIVE;
				CLANG_CXX_LANGUAGE_STANDARD = "gnu++14";
				CLANG_CXX_LIBRARY = "libc++";
				CLANG_ENABLE_MODULES = YES;
				CLANG_ENABLE_OBJC_ARC = YES;
				CLANG_ENABLE_OBJC_WEAK = YES;
				CLANG_WARN_BLOCK_CAPTURE_AUTORELEASING = YES;
				CLANG_WARN_BOOL_CONVERSION = YES;
				CLANG_WARN_COMMA = YES;
				CLANG_WARN_CONSTANT_CONVERSION = YES;
				CLANG_WARN_DEPRECATED_OBJC_IMPLEMENTATIONS = YES;
				CLANG_WARN_DIRECT_OBJC_ISA_USAGE = YES_ERROR;
				CLANG_WARN_DOCUMENTATION_COMMENTS = YES;
				CLANG_WARN_EMPTY_BODY = YES;
				CLANG_WARN_ENUM_CONVERSION = YES;
				CLANG_WARN_INFINITE_RECURSION = YES;
				CLANG_WARN_INT_CONVERSION = YES;
				CLANG_WARN_NON_LITERAL_NULL_CONVERSION = YES;
				CLANG_WARN_OBJC_IMPLICIT_RETAIN_SELF = YES;
				CLANG_WARN_OBJC_LITERAL_CONVERSION = YES;
				CLANG_WARN_OBJC_ROOT_CLASS = YES_ERROR;
				CLANG_WARN_RANGE_LOOP_ANALYSIS = YES;
				CLANG_WARN_STRICT_PROTOTYPES = YES;
				CLANG_WARN_SUSPICIOUS_MOVE = YES;
				CLANG_WARN_UNGUARDED_AVAILABILITY = YES_AGGRESSIVE;
				CLANG_WARN_UNREACHABLE_CODE = YES;
				CLANG_WARN__DUPLICATE_METHOD_MATCH = YES;
				COPY_PHASE_STRIP = NO;
				DEBUG_INFORMATION_FORMAT = "dwarf-with-dsym";
				ENABLE_NS_ASSERTIONS = NO;
				ENABLE_STRICT_OBJC_MSGSEND = YES;
				GCC_C_LANGUAGE_STANDARD = gnu11;
				GCC_NO_COMMON_BLOCKS = YES;
				GCC_WARN_64_TO_32_BIT_CONVERSION = YES;
				GCC_WARN_ABOUT_RETURN_TYPE = YES_ERROR;
				GCC_WARN_UNDECLARED_SELECTOR = YES;
				GCC_WARN_UNINITIALIZED_AUTOS = YES_AGGRESSIVE;
				GCC_WARN_UNUSED_FUNCTION = YES;
				GCC_WARN_UNUSED_VARIABLE = YES;
				IPHONEOS_DEPLOYMENT_TARGET = 13.4;
				MTL_ENABLE_DEBUG_INFO = NO;
				MTL_FAST_MATH = YES;
				SDKROOT = iphoneos;
				SWIFT_COMPILATION_MODE = wholemodule;
				SWIFT_OPTIMIZATION_LEVEL = "-O";
				VALIDATE_PRODUCT = YES;
			};
			name = Release;
		};
		01B4567224486AE5006BFA56 /* Debug */ = {
			isa = XCBuildConfiguration;
			buildSettings = {
				ASSETCATALOG_COMPILER_APPICON_NAME = AppIcon;
				CODE_SIGN_STYLE = Automatic;
				INFOPLIST_FILE = RecorderApp/Info.plist;
				LD_RUNPATH_SEARCH_PATHS = (
					"$(inherited)",
					"@executable_path/Frameworks",
				);
				PRODUCT_BUNDLE_IDENTIFIER = PG.RecorderApp;
				PRODUCT_NAME = "$(TARGET_NAME)";
				SWIFT_VERSION = 5.0;
				TARGETED_DEVICE_FAMILY = "1,2";
			};
			name = Debug;
		};
		01B4567324486AE5006BFA56 /* Release */ = {
			isa = XCBuildConfiguration;
			buildSettings = {
				ASSETCATALOG_COMPILER_APPICON_NAME = AppIcon;
				CODE_SIGN_STYLE = Automatic;
				INFOPLIST_FILE = RecorderApp/Info.plist;
				LD_RUNPATH_SEARCH_PATHS = (
					"$(inherited)",
					"@executable_path/Frameworks",
				);
				PRODUCT_BUNDLE_IDENTIFIER = PG.RecorderApp;
				PRODUCT_NAME = "$(TARGET_NAME)";
				SWIFT_VERSION = 5.0;
				TARGETED_DEVICE_FAMILY = "1,2";
			};
			name = Release;
		};
/* End XCBuildConfiguration section */

/* Begin XCConfigurationList section */
		01B4565824486AE4006BFA56 /* Build configuration list for PBXProject "RecorderApp" */ = {
			isa = XCConfigurationList;
			buildConfigurations = (
				01B4566F24486AE5006BFA56 /* Debug */,
				01B4567024486AE5006BFA56 /* Release */,
			);
			defaultConfigurationIsVisible = 0;
			defaultConfigurationName = Release;
		};
		01B4567124486AE5006BFA56 /* Build configuration list for PBXNativeTarget "RecorderApp" */ = {
			isa = XCConfigurationList;
			buildConfigurations = (
				01B4567224486AE5006BFA56 /* Debug */,
				01B4567324486AE5006BFA56 /* Release */,
			);
			defaultConfigurationIsVisible = 0;
			defaultConfigurationName = Release;
		};
/* End XCConfigurationList section */
	};
	rootObject = 01B4565524486AE4006BFA56 /* Project object */;
}
